
Microsoft Visual Studio Solution File, Format Version 12.00
# Visual Studio 2013
VisualStudioVersion = 12.0.40629.0
MinimumVisualStudioVersion = 10.0.40219.1
Project("{FAE04EC0-301F-11D3-BF4B-00C04F79EFBC}") = "NoToolkitWpfApp", "NoToolkitWpfApp\NoToolkitWpfApp.csproj", "{219B7457-C9CA-4BA2-BB09-3B108A1052DC}"
EndProject
Global
	GlobalSection(SolutionConfigurationPlatforms) = preSolution
		Debug|Any CPU = Debug|Any CPU
		Release|Any CPU = Release|Any CPU
	EndGlobalSection
	GlobalSection(ProjectConfigurationPlatforms) = postSolution
		{219B7457-C9CA-4BA2-BB09-3B108A1052DC}.Debug|Any CPU.ActiveCfg = Debug|Any CPU
		{219B7457-C9CA-4BA2-BB09-3B108A1052DC}.Debug|Any CPU.Build.0 = Debug|Any CPU
		{219B7457-C9CA-4BA2-BB09-3B108A1052DC}.Release|Any CPU.ActiveCfg = Release|Any CPU
		{219B7457-C9CA-4BA2-BB09-3B108A1052DC}.Release|Any CPU.Build.0 = Release|Any CPU
	EndGlobalSection
	GlobalSection(SolutionProperties) = preSolution
		HideSolutionNode = FALSE
	EndGlobalSection
EndGlobal
